
Microsoft Visual Studio Solution File, Format Version 12.00
# Visual Studio Version 16
VisualStudioVersion = 16.0.31205.134
MinimumVisualStudioVersion = 10.0.40219.1
Project("{FAE04EC0-301F-11D3-BF4B-00C04F79EFBC}") = "PRG521_FA3_6955", "PRG521_FA3_6955\PRG521_FA3_6955.csproj", "{92C2C039-44C7-4977-9537-5865FBC0EE4B}"
EndProject
Global
	GlobalSection(SolutionConfigurationPlatforms) = preSolution
		Debug|Any CPU = Debug|Any CPU
		Release|Any CPU = Release|Any CPU
	EndGlobalSection
	GlobalSection(ProjectConfigurationPlatforms) = postSolution
		{92C2C039-44C7-4977-9537-5865FBC0EE4B}.Debug|Any CPU.ActiveCfg = Debug|Any CPU
		{92C2C039-44C7-4977-9537-5865FBC0EE4B}.Debug|Any CPU.Build.0 = Debug|Any CPU
		{92C2C039-44C7-4977-9537-5865FBC0EE4B}.Release|Any CPU.ActiveCfg = Release|Any CPU
		{92C2C039-44C7-4977-9537-5865FBC0EE4B}.Release|Any CPU.Build.0 = Release|Any CPU
	EndGlobalSection
	GlobalSection(SolutionProperties) = preSolution
		HideSolutionNode = FALSE
	EndGlobalSection
	GlobalSection(ExtensibilityGlobals) = postSolution
		SolutionGuid = {A8EC0301-9927-4F1B-A64A-C152F3555A3C}
	EndGlobalSection
EndGlobal
